
Microsoft Visual Studio Solution File, Format Version 12.00
# Visual Studio Version 16
VisualStudioVersion = 16.0.29020.237
MinimumVisualStudioVersion = 10.0.40219.1
Project("{FAE04EC0-301F-11D3-BF4B-00C04F79EFBC}") = "Float2Byte", "Float2Byte\Float2Byte.csproj", "{468B4016-9432-4296-A474-750ACB0B27AB}"
EndProject
Global
	GlobalSection(SolutionConfigurationPlatforms) = preSolution
		Debug|Any CPU = Debug|Any CPU
		Release|Any CPU = Release|Any CPU
	EndGlobalSection
	GlobalSection(ProjectConfigurationPlatforms) = postSolution
		{468B4016-9432-4296-A474-750ACB0B27AB}.Debug|Any CPU.ActiveCfg = Debug|Any CPU
		{468B4016-9432-4296-A474-750ACB0B27AB}.Debug|Any CPU.Build.0 = Debug|Any CPU
		{468B4016-9432-4296-A474-750ACB0B27AB}.Release|Any CPU.ActiveCfg = Release|Any CPU
		{468B4016-9432-4296-A474-750ACB0B27AB}.Release|Any CPU.Build.0 = Release|Any CPU
	EndGlobalSection
	GlobalSection(SolutionProperties) = preSolution
		HideSolutionNode = FALSE
	EndGlobalSection
	GlobalSection(ExtensibilityGlobals) = postSolution
		SolutionGuid = {C77FDD4B-9408-4A92-8AF5-98BCEF031FF3}
	EndGlobalSection
EndGlobal
